
Microsoft Visual Studio Solution File, Format Version 12.00
# Visual Studio Version 16
VisualStudioVersion = 16.0.30011.22
MinimumVisualStudioVersion = 10.0.40219.1
Project("{FAE04EC0-301F-11D3-BF4B-00C04F79EFBC}") = "AdvertisementApi", "AdvertisementApi.csproj", "{CEA2ACE3-5152-4243-90C8-122BD4198BC9}"
EndProject
Project("{FAE04EC0-301F-11D3-BF4B-00C04F79EFBC}") = "AdvertisementApi.Models", "..\AdvertisementApi.Models\AdvertisementApi.Models.csproj", "{4C574850-D712-4E44-96ED-DFF6E3A54831}"
EndProject
Global
	GlobalSection(SolutionConfigurationPlatforms) = preSolution
		Debug|Any CPU = Debug|Any CPU
		Release|Any CPU = Release|Any CPU
	EndGlobalSection
	GlobalSection(ProjectConfigurationPlatforms) = postSolution
		{CEA2ACE3-5152-4243-90C8-122BD4198BC9}.Debug|Any CPU.ActiveCfg = Debug|Any CPU
		{CEA2ACE3-5152-4243-90C8-122BD4198BC9}.Debug|Any CPU.Build.0 = Debug|Any CPU
		{CEA2ACE3-5152-4243-90C8-122BD4198BC9}.Release|Any CPU.ActiveCfg = Release|Any CPU
		{CEA2ACE3-5152-4243-90C8-122BD4198BC9}.Release|Any CPU.Build.0 = Release|Any CPU
		{4C574850-D712-4E44-96ED-DFF6E3A54831}.Debug|Any CPU.ActiveCfg = Debug|Any CPU
		{4C574850-D712-4E44-96ED-DFF6E3A54831}.Debug|Any CPU.Build.0 = Debug|Any CPU
		{4C574850-D712-4E44-96ED-DFF6E3A54831}.Release|Any CPU.ActiveCfg = Release|Any CPU
		{4C574850-D712-4E44-96ED-DFF6E3A54831}.Release|Any CPU.Build.0 = Release|Any CPU
	EndGlobalSection
	GlobalSection(SolutionProperties) = preSolution
		HideSolutionNode = FALSE
	EndGlobalSection
	GlobalSection(ExtensibilityGlobals) = postSolution
		SolutionGuid = {5B193E39-F7D9-4717-81B0-12D8C1650A2B}
	EndGlobalSection
EndGlobal
